
Microsoft Visual Studio Solution File, Format Version 12.00
# Visual Studio 14
VisualStudioVersion = 14.0.23107.0
MinimumVisualStudioVersion = 10.0.40219.1
Project("{FAE04EC0-301F-11D3-BF4B-00C04F79EFBC}") = "AlphabeticalOrder", "AlphabeticalOrder\AlphabeticalOrder.csproj", "{0E5DF10E-16F3-4D43-87A1-2A1AC5FFE7DA}"
EndProject
Global
	GlobalSection(SolutionConfigurationPlatforms) = preSolution
		Debug|Any CPU = Debug|Any CPU
		Release|Any CPU = Release|Any CPU
	EndGlobalSection
	GlobalSection(ProjectConfigurationPlatforms) = postSolution
		{0E5DF10E-16F3-4D43-87A1-2A1AC5FFE7DA}.Debug|Any CPU.ActiveCfg = Debug|Any CPU
		{0E5DF10E-16F3-4D43-87A1-2A1AC5FFE7DA}.Debug|Any CPU.Build.0 = Debug|Any CPU
		{0E5DF10E-16F3-4D43-87A1-2A1AC5FFE7DA}.Release|Any CPU.ActiveCfg = Release|Any CPU
		{0E5DF10E-16F3-4D43-87A1-2A1AC5FFE7DA}.Release|Any CPU.Build.0 = Release|Any CPU
	EndGlobalSection
	GlobalSection(SolutionProperties) = preSolution
		HideSolutionNode = FALSE
	EndGlobalSection
EndGlobal
